
Microsoft Visual Studio Solution File, Format Version 12.00
# Visual Studio 14
VisualStudioVersion = 14.0.25420.1
MinimumVisualStudioVersion = 10.0.40219.1
Project("{FAE04EC0-301F-11D3-BF4B-00C04F79EFBC}") = "C+4_Study", "C+4_Study.csproj", "{43671713-DDF1-406F-B44B-E75E197F3505}"
EndProject
Global
	GlobalSection(SolutionConfigurationPlatforms) = preSolution
		Debug|Any CPU = Debug|Any CPU
		Release|Any CPU = Release|Any CPU
	EndGlobalSection
	GlobalSection(ProjectConfigurationPlatforms) = postSolution
		{43671713-DDF1-406F-B44B-E75E197F3505}.Debug|Any CPU.ActiveCfg = Debug|Any CPU
		{43671713-DDF1-406F-B44B-E75E197F3505}.Debug|Any CPU.Build.0 = Debug|Any CPU
		{43671713-DDF1-406F-B44B-E75E197F3505}.Release|Any CPU.ActiveCfg = Release|Any CPU
		{43671713-DDF1-406F-B44B-E75E197F3505}.Release|Any CPU.Build.0 = Release|Any CPU
	EndGlobalSection
	GlobalSection(SolutionProperties) = preSolution
		HideSolutionNode = FALSE
	EndGlobalSection
EndGlobal
